// !$*UTF8*$!
{
	archiveVersion = 1;
	classes = {
	};
	objectVersion = 46;
	objects = {

/* Begin PBXBuildFile section */
		637B1362ADA761D4A6ADD023 /* libPods.a in Frameworks */ = {isa = PBXBuildFile; fileRef = DCE5E0B5FDE66CEAB295C460 /* libPods.a */; };
		88414E601A748CEE00E233D8 /* SwiftData.swift in Sources */ = {isa = PBXBuildFile; fileRef = 88414E5F1A748CEE00E233D8 /* SwiftData.swift */; };
		88414E921A74A0D000E233D8 /* TDDocumentManager.swift in Sources */ = {isa = PBXBuildFile; fileRef = 88414E911A74A0D000E233D8 /* TDDocumentManager.swift */; };
		88414E941A74A7FA00E233D8 /* Contact.swift in Sources */ = {isa = PBXBuildFile; fileRef = 88414E931A74A7FA00E233D8 /* Contact.swift */; };
		88414E971A74ACB900E233D8 /* ContactsVC.swift in Sources */ = {isa = PBXBuildFile; fileRef = 88414E951A74ACB900E233D8 /* ContactsVC.swift */; };
		88414E981A74ACB900E233D8 /* ContactsVC.xib in Resources */ = {isa = PBXBuildFile; fileRef = 88414E961A74ACB900E233D8 /* ContactsVC.xib */; };
		88414E9B1A74ACE700E233D8 /* TDVC.swift in Sources */ = {isa = PBXBuildFile; fileRef = 88414E9A1A74ACE700E233D8 /* TDVC.swift */; };
		88414E9D1A74AE8900E233D8 /* DAO.swift in Sources */ = {isa = PBXBuildFile; fileRef = 88414E9C1A74AE8900E233D8 /* DAO.swift */; };
		88414EA11A74B06C00E233D8 /* SQLiteGateway.swift in Sources */ = {isa = PBXBuildFile; fileRef = 88414EA01A74B06C00E233D8 /* SQLiteGateway.swift */; };
		88414EA31A74BB1300E233D8 /* Model.swift in Sources */ = {isa = PBXBuildFile; fileRef = 88414EA21A74BB1300E233D8 /* Model.swift */; };
		8860E00A1A71CAA400270A91 /* clean.db in Resources */ = {isa = PBXBuildFile; fileRef = 8860E0091A71CAA400270A91 /* clean.db */; };
		8860E00C1A71CB1C00270A91 /* libsqlite3.dylib in Frameworks */ = {isa = PBXBuildFile; fileRef = 8860E00B1A71CB1C00270A91 /* libsqlite3.dylib */; };
		888A43BD1A75A5F5003B3CBE /* Message.swift in Sources */ = {isa = PBXBuildFile; fileRef = 888A43BC1A75A5F5003B3CBE /* Message.swift */; };
		888A43BF1A75B7C7003B3CBE /* Attachment.swift in Sources */ = {isa = PBXBuildFile; fileRef = 888A43BE1A75B7C7003B3CBE /* Attachment.swift */; };
		88D92C4D1A6C69DE00B96D4C /* AppDelegate.swift in Sources */ = {isa = PBXBuildFile; fileRef = 88D92C4C1A6C69DE00B96D4C /* AppDelegate.swift */; };
		88D92C4F1A6C69DE00B96D4C /* Images.xcassets in Resources */ = {isa = PBXBuildFile; fileRef = 88D92C4E1A6C69DE00B96D4C /* Images.xcassets */; };
		88D92C521A6C69DE00B96D4C /* LaunchScreen.xib in Resources */ = {isa = PBXBuildFile; fileRef = 88D92C501A6C69DE00B96D4C /* LaunchScreen.xib */; };
		88D92C5E1A6C69DF00B96D4C /* TextDigTests.swift in Sources */ = {isa = PBXBuildFile; fileRef = 88D92C5D1A6C69DF00B96D4C /* TextDigTests.swift */; };
		88D92C6A1A6C6A6700B96D4C /* ChatVC.swift in Sources */ = {isa = PBXBuildFile; fileRef = 88D92C691A6C6A6700B96D4C /* ChatVC.swift */; };
		88D92C6C1A6C6AC700B96D4C /* ChatVC.xib in Resources */ = {isa = PBXBuildFile; fileRef = 88D92C6B1A6C6AC700B96D4C /* ChatVC.xib */; };
		88FF848D1A6CB499000701EA /* HomeVC.swift in Sources */ = {isa = PBXBuildFile; fileRef = 88FF848B1A6CB499000701EA /* HomeVC.swift */; };
		88FF848E1A6CB499000701EA /* HomeVC.xib in Resources */ = {isa = PBXBuildFile; fileRef = 88FF848C1A6CB499000701EA /* HomeVC.xib */; };
		88FF84911A6CBBDF000701EA /* ChatCollectionViewDelegate.swift in Sources */ = {isa = PBXBuildFile; fileRef = 88FF84901A6CBBDF000701EA /* ChatCollectionViewDelegate.swift */; };
		88FF84951A6CBD05000701EA /* ChatCell.swift in Sources */ = {isa = PBXBuildFile; fileRef = 88FF84931A6CBD05000701EA /* ChatCell.swift */; };
		88FF84961A6CBD05000701EA /* ChatCell.xib in Resources */ = {isa = PBXBuildFile; fileRef = 88FF84941A6CBD05000701EA /* ChatCell.xib */; };
		88FF84C51A6CCF4E000701EA /* CoreGraphicsExtensions.swift in Sources */ = {isa = PBXBuildFile; fileRef = 88FF84C41A6CCF4E000701EA /* CoreGraphicsExtensions.swift */; };
		88FF84C71A6CD81A000701EA /* UIKitExtensions.swift in Sources */ = {isa = PBXBuildFile; fileRef = 88FF84C61A6CD81A000701EA /* UIKitExtensions.swift */; };
		FBF2E086628686DF4C736F4B /* libPods.a in Frameworks */ = {isa = PBXBuildFile; fileRef = DCE5E0B5FDE66CEAB295C460 /* libPods.a */; };
/* End PBXBuildFile section */

/* Begin PBXContainerItemProxy section */
		88D92C581A6C69DE00B96D4C /* PBXContainerItemProxy */ = {
			isa = PBXContainerItemProxy;
			containerPortal = 88D92C3F1A6C69DE00B96D4C /* Project object */;
			proxyType = 1;
			remoteGlobalIDString = 88D92C461A6C69DE00B96D4C;
			remoteInfo = TextDig;
		};
/* End PBXContainerItemProxy section */

/* Begin PBXCopyFilesBuildPhase section */
		88414E5C1A7437EB00E233D8 /* CopyFiles */ = {
			isa = PBXCopyFilesBuildPhase;
			buildActionMask = 2147483647;
			dstPath = "";
			dstSubfolderSpec = 7;
			files = (
			);
			runOnlyForDeploymentPostprocessing = 0;
		};
		88FF84BD1A6CC514000701EA /* Embed Frameworks */ = {
			isa = PBXCopyFilesBuildPhase;
			buildActionMask = 2147483647;
			dstPath = "";
			dstSubfolderSpec = 10;
			files = (
			);
			name = "Embed Frameworks";
			runOnlyForDeploymentPostprocessing = 0;
		};
/* End PBXCopyFilesBuildPhase section */

/* Begin PBXFileReference section */
		88414E5F1A748CEE00E233D8 /* SwiftData.swift */ = {isa = PBXFileReference; fileEncoding = 4; lastKnownFileType = sourcecode.swift; name = SwiftData.swift; path = SwiftData/SwiftData.swift; sourceTree = SOURCE_ROOT; };
		88414E911A74A0D000E233D8 /* TDDocumentManager.swift */ = {isa = PBXFileReference; fileEncoding = 4; lastKnownFileType = sourcecode.swift; name = TDDocumentManager.swift; path = Utilities/TDDocumentManager.swift; sourceTree = "<group>"; };
		88414E931A74A7FA00E233D8 /* Contact.swift */ = {isa = PBXFileReference; fileEncoding = 4; lastKnownFileType = sourcecode.swift; name = Contact.swift; path = Models/Contact.swift; sourceTree = "<group>"; };
		88414E951A74ACB900E233D8 /* ContactsVC.swift */ = {isa = PBXFileReference; fileEncoding = 4; lastKnownFileType = sourcecode.swift; name = ContactsVC.swift; path = ViewControllers/ContactsVC.swift; sourceTree = "<group>"; };
		88414E961A74ACB900E233D8 /* ContactsVC.xib */ = {isa = PBXFileReference; fileEncoding = 4; lastKnownFileType = file.xib; name = ContactsVC.xib; path = ViewControllers/ContactsVC.xib; sourceTree = "<group>"; };
		88414E9A1A74ACE700E233D8 /* TDVC.swift */ = {isa = PBXFileReference; fileEncoding = 4; lastKnownFileType = sourcecode.swift; name = TDVC.swift; path = ViewControllers/Base/TDVC.swift; sourceTree = "<group>"; };
		88414E9C1A74AE8900E233D8 /* DAO.swift */ = {isa = PBXFileReference; fileEncoding = 4; lastKnownFileType = sourcecode.swift; path = DAO.swift; sourceTree = "<group>"; };
		88414EA01A74B06C00E233D8 /* SQLiteGateway.swift */ = {isa = PBXFileReference; fileEncoding = 4; lastKnownFileType = sourcecode.swift; name = SQLiteGateway.swift; path = Utilities/SQLiteGateway.swift; sourceTree = "<group>"; };
		88414EA21A74BB1300E233D8 /* Model.swift */ = {isa = PBXFileReference; fileEncoding = 4; lastKnownFileType = sourcecode.swift; name = Model.swift; path = Models/Model.swift; sourceTree = "<group>"; };
		8860E0091A71CAA400270A91 /* clean.db */ = {isa = PBXFileReference; lastKnownFileType = file; path = clean.db; sourceTree = "<group>"; };
		8860E00B1A71CB1C00270A91 /* libsqlite3.dylib */ = {isa = PBXFileReference; lastKnownFileType = "compiled.mach-o.dylib"; name = libsqlite3.dylib; path = usr/lib/libsqlite3.dylib; sourceTree = SDKROOT; };
		8860E00D1A71CB8300270A91 /* TextDig-Bridging-Header.h */ = {isa = PBXFileReference; lastKnownFileType = sourcecode.c.h; path = "TextDig-Bridging-Header.h"; sourceTree = "<group>"; };
		888A43BC1A75A5F5003B3CBE /* Message.swift */ = {isa = PBXFileReference; fileEncoding = 4; lastKnownFileType = sourcecode.swift; name = Message.swift; path = Models/Message.swift; sourceTree = "<group>"; };
		888A43BE1A75B7C7003B3CBE /* Attachment.swift */ = {isa = PBXFileReference; fileEncoding = 4; lastKnownFileType = sourcecode.swift; name = Attachment.swift; path = Models/Attachment.swift; sourceTree = "<group>"; };
		88D92C471A6C69DE00B96D4C /* TextDig.app */ = {isa = PBXFileReference; explicitFileType = wrapper.application; includeInIndex = 0; path = TextDig.app; sourceTree = BUILT_PRODUCTS_DIR; };
		88D92C4B1A6C69DE00B96D4C /* Info.plist */ = {isa = PBXFileReference; lastKnownFileType = text.plist.xml; path = Info.plist; sourceTree = "<group>"; };
		88D92C4C1A6C69DE00B96D4C /* AppDelegate.swift */ = {isa = PBXFileReference; lastKnownFileType = sourcecode.swift; path = AppDelegate.swift; sourceTree = "<group>"; };
		88D92C4E1A6C69DE00B96D4C /* Images.xcassets */ = {isa = PBXFileReference; lastKnownFileType = folder.assetcatalog; path = Images.xcassets; sourceTree = "<group>"; };
		88D92C511A6C69DE00B96D4C /* Base */ = {isa = PBXFileReference; lastKnownFileType = file.xib; name = Base; path = Base.lproj/LaunchScreen.xib; sourceTree = "<group>"; };
		88D92C571A6C69DE00B96D4C /* TextDigTests.xctest */ = {isa = PBXFileReference; explicitFileType = wrapper.cfbundle; includeInIndex = 0; path = TextDigTests.xctest; sourceTree = BUILT_PRODUCTS_DIR; };
		88D92C5C1A6C69DE00B96D4C /* Info.plist */ = {isa = PBXFileReference; lastKnownFileType = text.plist.xml; path = Info.plist; sourceTree = "<group>"; };
		88D92C5D1A6C69DF00B96D4C /* TextDigTests.swift */ = {isa = PBXFileReference; lastKnownFileType = sourcecode.swift; path = TextDigTests.swift; sourceTree = "<group>"; };
		88D92C691A6C6A6700B96D4C /* ChatVC.swift */ = {isa = PBXFileReference; fileEncoding = 4; lastKnownFileType = sourcecode.swift; name = ChatVC.swift; path = ViewControllers/ChatVC.swift; sourceTree = "<group>"; };
		88D92C6B1A6C6AC700B96D4C /* ChatVC.xib */ = {isa = PBXFileReference; fileEncoding = 4; lastKnownFileType = file.xib; name = ChatVC.xib; path = ViewControllers/ChatVC.xib; sourceTree = "<group>"; };
		88FF848B1A6CB499000701EA /* HomeVC.swift */ = {isa = PBXFileReference; fileEncoding = 4; lastKnownFileType = sourcecode.swift; name = HomeVC.swift; path = ViewControllers/HomeVC.swift; sourceTree = "<group>"; };
		88FF848C1A6CB499000701EA /* HomeVC.xib */ = {isa = PBXFileReference; fileEncoding = 4; lastKnownFileType = file.xib; name = HomeVC.xib; path = ViewControllers/HomeVC.xib; sourceTree = "<group>"; };
		88FF84901A6CBBDF000701EA /* ChatCollectionViewDelegate.swift */ = {isa = PBXFileReference; fileEncoding = 4; lastKnownFileType = sourcecode.swift; name = ChatCollectionViewDelegate.swift; path = Delegate/ChatCollectionViewDelegate.swift; sourceTree = "<group>"; };
		88FF84931A6CBD05000701EA /* ChatCell.swift */ = {isa = PBXFileReference; fileEncoding = 4; lastKnownFileType = sourcecode.swift; name = ChatCell.swift; path = Views/ChatCell.swift; sourceTree = "<group>"; };
		88FF84941A6CBD05000701EA /* ChatCell.xib */ = {isa = PBXFileReference; fileEncoding = 4; lastKnownFileType = file.xib; name = ChatCell.xib; path = Views/ChatCell.xib; sourceTree = "<group>"; };
		88FF84A41A6CC514000701EA /* Info.plist */ = {isa = PBXFileReference; lastKnownFileType = text.plist.xml; path = Info.plist; sourceTree = "<group>"; };
		88FF84A51A6CC514000701EA /* ChatBubbleView.h */ = {isa = PBXFileReference; lastKnownFileType = sourcecode.c.h; path = ChatBubbleView.h; sourceTree = "<group>"; };
		88FF84B31A6CC514000701EA /* Info.plist */ = {isa = PBXFileReference; lastKnownFileType = text.plist.xml; path = Info.plist; sourceTree = "<group>"; };
		88FF84B41A6CC514000701EA /* ChatBubbleViewTests.swift */ = {isa = PBXFileReference; lastKnownFileType = sourcecode.swift; path = ChatBubbleViewTests.swift; sourceTree = "<group>"; };
		88FF84C11A6CC577000701EA /* ChatBubbleView.swift */ = {isa = PBXFileReference; fileEncoding = 4; lastKnownFileType = sourcecode.swift; path = ChatBubbleView.swift; sourceTree = "<group>"; };
		88FF84C41A6CCF4E000701EA /* CoreGraphicsExtensions.swift */ = {isa = PBXFileReference; fileEncoding = 4; lastKnownFileType = sourcecode.swift; name = CoreGraphicsExtensions.swift; path = Extensions/CoreGraphicsExtensions.swift; sourceTree = "<group>"; };
		88FF84C61A6CD81A000701EA /* UIKitExtensions.swift */ = {isa = PBXFileReference; fileEncoding = 4; lastKnownFileType = sourcecode.swift; name = UIKitExtensions.swift; path = Extensions/UIKitExtensions.swift; sourceTree = "<group>"; };
		AA06534DF0B9BBDA7FA51ADE /* Pods.release.xcconfig */ = {isa = PBXFileReference; includeInIndex = 1; lastKnownFileType = text.xcconfig; name = Pods.release.xcconfig; path = "Pods/Target Support Files/Pods/Pods.release.xcconfig"; sourceTree = "<group>"; };
		B67755B539BA6FC771CDFA18 /* Pods.debug.xcconfig */ = {isa = PBXFileReference; includeInIndex = 1; lastKnownFileType = text.xcconfig; name = Pods.debug.xcconfig; path = "Pods/Target Support Files/Pods/Pods.debug.xcconfig"; sourceTree = "<group>"; };
		DCE5E0B5FDE66CEAB295C460 /* libPods.a */ = {isa = PBXFileReference; explicitFileType = archive.ar; includeInIndex = 0; path = libPods.a; sourceTree = BUILT_PRODUCTS_DIR; };
/* End PBXFileReference section */

/* Begin PBXFrameworksBuildPhase section */
		88D92C441A6C69DE00B96D4C /* Frameworks */ = {
			isa = PBXFrameworksBuildPhase;
			buildActionMask = 2147483647;
			files = (
				8860E00C1A71CB1C00270A91 /* libsqlite3.dylib in Frameworks */,
				637B1362ADA761D4A6ADD023 /* libPods.a in Frameworks */,
			);
			runOnlyForDeploymentPostprocessing = 0;
		};
		88D92C541A6C69DE00B96D4C /* Frameworks */ = {
			isa = PBXFrameworksBuildPhase;
			buildActionMask = 2147483647;
			files = (
				FBF2E086628686DF4C736F4B /* libPods.a in Frameworks */,
			);
			runOnlyForDeploymentPostprocessing = 0;
		};
/* End PBXFrameworksBuildPhase section */

/* Begin PBXGroup section */
		06ECCB6F855C74ACC75984BA /* Frameworks */ = {
			isa = PBXGroup;
			children = (
				DCE5E0B5FDE66CEAB295C460 /* libPods.a */,
			);
			name = Frameworks;
			sourceTree = "<group>";
		};
		3C1E89F737AB03EC3FF451AC /* Pods */ = {
			isa = PBXGroup;
			children = (
				B67755B539BA6FC771CDFA18 /* Pods.debug.xcconfig */,
				AA06534DF0B9BBDA7FA51ADE /* Pods.release.xcconfig */,
			);
			name = Pods;
			sourceTree = "<group>";
		};
		88414E5E1A748CD200E233D8 /* ThirdParty */ = {
			isa = PBXGroup;
			children = (
				88414E5F1A748CEE00E233D8 /* SwiftData.swift */,
			);
			name = ThirdParty;
			sourceTree = "<group>";
		};
		88414E991A74ACC800E233D8 /* Base */ = {
			isa = PBXGroup;
			children = (
				88414E9A1A74ACE700E233D8 /* TDVC.swift */,
			);
			name = Base;
			sourceTree = "<group>";
		};
		8860E0051A71C8E700270A91 /* Utilities */ = {
			isa = PBXGroup;
			children = (
				88414E911A74A0D000E233D8 /* TDDocumentManager.swift */,
				88414EA01A74B06C00E233D8 /* SQLiteGateway.swift */,
			);
			name = Utilities;
			sourceTree = "<group>";
		};
		8860E0081A71CA8800270A91 /* Resources */ = {
			isa = PBXGroup;
			children = (
				8860E0091A71CAA400270A91 /* clean.db */,
			);
			name = Resources;
			sourceTree = "<group>";
		};
		8860E0111A71CBEF00270A91 /* Frameworks */ = {
			isa = PBXGroup;
			children = (
				8860E00B1A71CB1C00270A91 /* libsqlite3.dylib */,
			);
			name = Frameworks;
			sourceTree = "<group>";
		};
		888A43BB1A75A5C3003B3CBE /* Base */ = {
			isa = PBXGroup;
			children = (
				88414E9C1A74AE8900E233D8 /* DAO.swift */,
				88414EA21A74BB1300E233D8 /* Model.swift */,
			);
			name = Base;
			sourceTree = "<group>";
		};
		88D92C3E1A6C69DE00B96D4C = {
			isa = PBXGroup;
			children = (
				88D92C491A6C69DE00B96D4C /* TextDig */,
				88D92C5A1A6C69DE00B96D4C /* TextDigTests */,
				88FF84A21A6CC514000701EA /* ChatBubbleView */,
				88FF84B11A6CC514000701EA /* ChatBubbleViewTests */,
				88D92C481A6C69DE00B96D4C /* Products */,
				3C1E89F737AB03EC3FF451AC /* Pods */,
				06ECCB6F855C74ACC75984BA /* Frameworks */,
			);
			sourceTree = "<group>";
		};
		88D92C481A6C69DE00B96D4C /* Products */ = {
			isa = PBXGroup;
			children = (
				88D92C471A6C69DE00B96D4C /* TextDig.app */,
				88D92C571A6C69DE00B96D4C /* TextDigTests.xctest */,
			);
			name = Products;
			sourceTree = "<group>";
		};
		88D92C491A6C69DE00B96D4C /* TextDig */ = {
			isa = PBXGroup;
			children = (
				88D92C501A6C69DE00B96D4C /* LaunchScreen.xib */,
				88D92C4C1A6C69DE00B96D4C /* AppDelegate.swift */,
				8860E00D1A71CB8300270A91 /* TextDig-Bridging-Header.h */,
				88D92C4E1A6C69DE00B96D4C /* Images.xcassets */,
				88FF848F1A6CBBAD000701EA /* Delegates */,
				88FF84C31A6CCF24000701EA /* Extensions */,
				8860E0111A71CBEF00270A91 /* Frameworks */,
				88D92C681A6C6A1600B96D4C /* Models */,
				8860E0081A71CA8800270A91 /* Resources */,
				88D92C4A1A6C69DE00B96D4C /* Supporting Files */,
				88414E5E1A748CD200E233D8 /* ThirdParty */,
				88D92C671A6C69FD00B96D4C /* ViewControllers */,
				88FF84921A6CBC93000701EA /* Views */,
				8860E0051A71C8E700270A91 /* Utilities */,
			);
			path = TextDig;
			sourceTree = "<group>";
		};
		88D92C4A1A6C69DE00B96D4C /* Supporting Files */ = {
			isa = PBXGroup;
			children = (
				88D92C4B1A6C69DE00B96D4C /* Info.plist */,
			);
			name = "Supporting Files";
			sourceTree = "<group>";
		};
		88D92C5A1A6C69DE00B96D4C /* TextDigTests */ = {
			isa = PBXGroup;
			children = (
				88D92C5D1A6C69DF00B96D4C /* TextDigTests.swift */,
				88D92C5B1A6C69DE00B96D4C /* Supporting Files */,
			);
			path = TextDigTests;
			sourceTree = "<group>";
		};
		88D92C5B1A6C69DE00B96D4C /* Supporting Files */ = {
			isa = PBXGroup;
			children = (
				88D92C5C1A6C69DE00B96D4C /* Info.plist */,
			);
			name = "Supporting Files";
			sourceTree = "<group>";
		};
		88D92C671A6C69FD00B96D4C /* ViewControllers */ = {
			isa = PBXGroup;
			children = (
				88414E991A74ACC800E233D8 /* Base */,
				88414E951A74ACB900E233D8 /* ContactsVC.swift */,
				88414E961A74ACB900E233D8 /* ContactsVC.xib */,
				88FF848B1A6CB499000701EA /* HomeVC.swift */,
				88FF848C1A6CB499000701EA /* HomeVC.xib */,
				88D92C691A6C6A6700B96D4C /* ChatVC.swift */,
				88D92C6B1A6C6AC700B96D4C /* ChatVC.xib */,
			);
			name = ViewControllers;
			sourceTree = "<group>";
		};
		88D92C681A6C6A1600B96D4C /* Models */ = {
			isa = PBXGroup;
			children = (
				888A43BB1A75A5C3003B3CBE /* Base */,
				888A43BE1A75B7C7003B3CBE /* Attachment.swift */,
				88414E931A74A7FA00E233D8 /* Contact.swift */,
				888A43BC1A75A5F5003B3CBE /* Message.swift */,
			);
			name = Models;
			sourceTree = "<group>";
		};
		88FF848F1A6CBBAD000701EA /* Delegates */ = {
			isa = PBXGroup;
			children = (
				88FF84901A6CBBDF000701EA /* ChatCollectionViewDelegate.swift */,
			);
			name = Delegates;
			sourceTree = "<group>";
		};
		88FF84921A6CBC93000701EA /* Views */ = {
			isa = PBXGroup;
			children = (
				88FF849B1A6CC361000701EA /* Cells */,
			);
			name = Views;
			sourceTree = "<group>";
		};
		88FF849B1A6CC361000701EA /* Cells */ = {
			isa = PBXGroup;
			children = (
				88FF84931A6CBD05000701EA /* ChatCell.swift */,
				88FF84941A6CBD05000701EA /* ChatCell.xib */,
			);
			name = Cells;
			sourceTree = "<group>";
		};
		88FF84A21A6CC514000701EA /* ChatBubbleView */ = {
			isa = PBXGroup;
			children = (
				88FF84A51A6CC514000701EA /* ChatBubbleView.h */,
				88FF84C11A6CC577000701EA /* ChatBubbleView.swift */,
				88FF84A31A6CC514000701EA /* Supporting Files */,
			);
			path = ChatBubbleView;
			sourceTree = "<group>";
		};
		88FF84A31A6CC514000701EA /* Supporting Files */ = {
			isa = PBXGroup;
			children = (
				88FF84A41A6CC514000701EA /* Info.plist */,
			);
			name = "Supporting Files";
			sourceTree = "<group>";
		};
		88FF84B11A6CC514000701EA /* ChatBubbleViewTests */ = {
			isa = PBXGroup;
			children = (
				88FF84B41A6CC514000701EA /* ChatBubbleViewTests.swift */,
				88FF84B21A6CC514000701EA /* Supporting Files */,
			);
			path = ChatBubbleViewTests;
			sourceTree = "<group>";
		};
		88FF84B21A6CC514000701EA /* Supporting Files */ = {
			isa = PBXGroup;
			children = (
				88FF84B31A6CC514000701EA /* Info.plist */,
			);
			name = "Supporting Files";
			sourceTree = "<group>";
		};
		88FF84C31A6CCF24000701EA /* Extensions */ = {
			isa = PBXGroup;
			children = (
				88FF84C41A6CCF4E000701EA /* CoreGraphicsExtensions.swift */,
				88FF84C61A6CD81A000701EA /* UIKitExtensions.swift */,
			);
			name = Extensions;
			sourceTree = "<group>";
		};
/* End PBXGroup section */

/* Begin PBXNativeTarget section */
		88D92C461A6C69DE00B96D4C /* TextDig */ = {
			isa = PBXNativeTarget;
			buildConfigurationList = 88D92C611A6C69DF00B96D4C /* Build configuration list for PBXNativeTarget "TextDig" */;
			buildPhases = (
				10424D0DBEAF2C3C144DCCE7 /* Check Pods Manifest.lock */,
				88D92C431A6C69DE00B96D4C /* Sources */,
				88D92C441A6C69DE00B96D4C /* Frameworks */,
				88D92C451A6C69DE00B96D4C /* Resources */,
				88FF84BD1A6CC514000701EA /* Embed Frameworks */,
				88414E5C1A7437EB00E233D8 /* CopyFiles */,
				A4C00409014964E8A8FCDA7D /* Copy Pods Resources */,
			);
			buildRules = (
			);
			dependencies = (
			);
			name = TextDig;
			productName = TextDig;
			productReference = 88D92C471A6C69DE00B96D4C /* TextDig.app */;
			productType = "com.apple.product-type.application";
		};
		88D92C561A6C69DE00B96D4C /* TextDigTests */ = {
			isa = PBXNativeTarget;
			buildConfigurationList = 88D92C641A6C69DF00B96D4C /* Build configuration list for PBXNativeTarget "TextDigTests" */;
			buildPhases = (
				FEA93590A67BA5A7DD922380 /* Check Pods Manifest.lock */,
				88D92C531A6C69DE00B96D4C /* Sources */,
				88D92C541A6C69DE00B96D4C /* Frameworks */,
				88D92C551A6C69DE00B96D4C /* Resources */,
				E8C19D1FD664C462F458899F /* Copy Pods Resources */,
			);
			buildRules = (
			);
			dependencies = (
				88D92C591A6C69DE00B96D4C /* PBXTargetDependency */,
			);
			name = TextDigTests;
			productName = TextDigTests;
			productReference = 88D92C571A6C69DE00B96D4C /* TextDigTests.xctest */;
			productType = "com.apple.product-type.bundle.unit-test";
		};
/* End PBXNativeTarget section */

/* Begin PBXProject section */
		88D92C3F1A6C69DE00B96D4C /* Project object */ = {
			isa = PBXProject;
			attributes = {
				LastUpgradeCheck = 0610;
				ORGANIZATIONNAME = "travis holt";
				TargetAttributes = {
					88D92C461A6C69DE00B96D4C = {
						CreatedOnToolsVersion = 6.1;
					};
					88D92C561A6C69DE00B96D4C = {
						CreatedOnToolsVersion = 6.1;
						TestTargetID = 88D92C461A6C69DE00B96D4C;
					};
				};
			};
			buildConfigurationList = 88D92C421A6C69DE00B96D4C /* Build configuration list for PBXProject "TextDig" */;
			compatibilityVersion = "Xcode 3.2";
			developmentRegion = English;
			hasScannedForEncodings = 0;
			knownRegions = (
				en,
				Base,
			);
			mainGroup = 88D92C3E1A6C69DE00B96D4C;
			productRefGroup = 88D92C481A6C69DE00B96D4C /* Products */;
			projectDirPath = "";
			projectRoot = "";
			targets = (
				88D92C461A6C69DE00B96D4C /* TextDig */,
				88D92C561A6C69DE00B96D4C /* TextDigTests */,
			);
		};
/* End PBXProject section */

/* Begin PBXResourcesBuildPhase section */
		88D92C451A6C69DE00B96D4C /* Resources */ = {
			isa = PBXResourcesBuildPhase;
			buildActionMask = 2147483647;
			files = (
				88D92C521A6C69DE00B96D4C /* LaunchScreen.xib in Resources */,
				8860E00A1A71CAA400270A91 /* clean.db in Resources */,
				88FF848E1A6CB499000701EA /* HomeVC.xib in Resources */,
				88FF84961A6CBD05000701EA /* ChatCell.xib in Resources */,
				88D92C6C1A6C6AC700B96D4C /* ChatVC.xib in Resources */,
				88D92C4F1A6C69DE00B96D4C /* Images.xcassets in Resources */,
				88414E981A74ACB900E233D8 /* ContactsVC.xib in Resources */,
			);
			runOnlyForDeploymentPostprocessing = 0;
		};
		88D92C551A6C69DE00B96D4C /* Resources */ = {
			isa = PBXResourcesBuildPhase;
			buildActionMask = 2147483647;
			files = (
			);
			runOnlyForDeploymentPostprocessing = 0;
		};
/* End PBXResourcesBuildPhase section */

/* Begin PBXShellScriptBuildPhase section */
		10424D0DBEAF2C3C144DCCE7 /* Check Pods Manifest.lock */ = {
			isa = PBXShellScriptBuildPhase;
			buildActionMask = 2147483647;
			files = (
			);
			inputPaths = (
			);
			name = "Check Pods Manifest.lock";
			outputPaths = (
			);
			runOnlyForDeploymentPostprocessing = 0;
			shellPath = /bin/sh;
			shellScript = "diff \"${PODS_ROOT}/../Podfile.lock\" \"${PODS_ROOT}/Manifest.lock\" > /dev/null\nif [[ $? != 0 ]] ; then\n    cat << EOM\nerror: The sandbox is not in sync with the Podfile.lock. Run 'pod install' or update your CocoaPods installation.\nEOM\n    exit 1\nfi\n";
			showEnvVarsInLog = 0;
		};
		A4C00409014964E8A8FCDA7D /* Copy Pods Resources */ = {
			isa = PBXShellScriptBuildPhase;
			buildActionMask = 2147483647;
			files = (
			);
			inputPaths = (
			);
			name = "Copy Pods Resources";
			outputPaths = (
			);
			runOnlyForDeploymentPostprocessing = 0;
			shellPath = /bin/sh;
			shellScript = "\"${SRCROOT}/Pods/Target Support Files/Pods/Pods-resources.sh\"\n";
			showEnvVarsInLog = 0;
		};
		E8C19D1FD664C462F458899F /* Copy Pods Resources */ = {
			isa = PBXShellScriptBuildPhase;
			buildActionMask = 2147483647;
			files = (
			);
			inputPaths = (
			);
			name = "Copy Pods Resources";
			outputPaths = (
			);
			runOnlyForDeploymentPostprocessing = 0;
			shellPath = /bin/sh;
			shellScript = "\"${SRCROOT}/Pods/Target Support Files/Pods/Pods-resources.sh\"\n";
			showEnvVarsInLog = 0;
		};
		FEA93590A67BA5A7DD922380 /* Check Pods Manifest.lock */ = {
			isa = PBXShellScriptBuildPhase;
			buildActionMask = 2147483647;
			files = (
			);
			inputPaths = (
			);
			name = "Check Pods Manifest.lock";
			outputPaths = (
			);
			runOnlyForDeploymentPostprocessing = 0;
			shellPath = /bin/sh;
			shellScript = "diff \"${PODS_ROOT}/../Podfile.lock\" \"${PODS_ROOT}/Manifest.lock\" > /dev/null\nif [[ $? != 0 ]] ; then\n    cat << EOM\nerror: The sandbox is not in sync with the Podfile.lock. Run 'pod install' or update your CocoaPods installation.\nEOM\n    exit 1\nfi\n";
			showEnvVarsInLog = 0;
		};
/* End PBXShellScriptBuildPhase section */

/* Begin PBXSourcesBuildPhase section */
		88D92C431A6C69DE00B96D4C /* Sources */ = {
			isa = PBXSourcesBuildPhase;
			buildActionMask = 2147483647;
			files = (
				88414EA31A74BB1300E233D8 /* Model.swift in Sources */,
				88414E9D1A74AE8900E233D8 /* DAO.swift in Sources */,
				88414E941A74A7FA00E233D8 /* Contact.swift in Sources */,
				88FF848D1A6CB499000701EA /* HomeVC.swift in Sources */,
				88D92C6A1A6C6A6700B96D4C /* ChatVC.swift in Sources */,
				88FF84911A6CBBDF000701EA /* ChatCollectionViewDelegate.swift in Sources */,
				888A43BF1A75B7C7003B3CBE /* Attachment.swift in Sources */,
				88FF84951A6CBD05000701EA /* ChatCell.swift in Sources */,
				88414E971A74ACB900E233D8 /* ContactsVC.swift in Sources */,
				88414E921A74A0D000E233D8 /* TDDocumentManager.swift in Sources */,
				88D92C4D1A6C69DE00B96D4C /* AppDelegate.swift in Sources */,
				88414E9B1A74ACE700E233D8 /* TDVC.swift in Sources */,
				88FF84C71A6CD81A000701EA /* UIKitExtensions.swift in Sources */,
				88FF84C51A6CCF4E000701EA /* CoreGraphicsExtensions.swift in Sources */,
				888A43BD1A75A5F5003B3CBE /* Message.swift in Sources */,
				88414EA11A74B06C00E233D8 /* SQLiteGateway.swift in Sources */,
				88414E601A748CEE00E233D8 /* SwiftData.swift in Sources */,
			);
			runOnlyForDeploymentPostprocessing = 0;
		};
		88D92C531A6C69DE00B96D4C /* Sources */ = {
			isa = PBXSourcesBuildPhase;
			buildActionMask = 2147483647;
			files = (
				88D92C5E1A6C69DF00B96D4C /* TextDigTests.swift in Sources */,
			);
			runOnlyForDeploymentPostprocessing = 0;
		};
/* End PBXSourcesBuildPhase section */

/* Begin PBXTargetDependency section */
		88D92C591A6C69DE00B96D4C /* PBXTargetDependency */ = {
			isa = PBXTargetDependency;
			target = 88D92C461A6C69DE00B96D4C /* TextDig */;
			targetProxy = 88D92C581A6C69DE00B96D4C /* PBXContainerItemProxy */;
		};
/* End PBXTargetDependency section */

/* Begin PBXVariantGroup section */
		88D92C501A6C69DE00B96D4C /* LaunchScreen.xib */ = {
			isa = PBXVariantGroup;
			children = (
				88D92C511A6C69DE00B96D4C /* Base */,
			);
			name = LaunchScreen.xib;
			sourceTree = "<group>";
		};
/* End PBXVariantGroup section */

/* Begin XCBuildConfiguration section */
		88D92C5F1A6C69DF00B96D4C /* Debug */ = {
			isa = XCBuildConfiguration;
			baseConfigurationReference = B67755B539BA6FC771CDFA18 /* Pods.debug.xcconfig */;
			buildSettings = {
				ALWAYS_SEARCH_USER_PATHS = NO;
				CLANG_CXX_LANGUAGE_STANDARD = "gnu++0x";
				CLANG_CXX_LIBRARY = "libc++";
				CLANG_ENABLE_MODULES = YES;
				CLANG_ENABLE_OBJC_ARC = YES;
				CLANG_WARN_BOOL_CONVERSION = YES;
				CLANG_WARN_CONSTANT_CONVERSION = YES;
				CLANG_WARN_DIRECT_OBJC_ISA_USAGE = YES_ERROR;
				CLANG_WARN_EMPTY_BODY = YES;
				CLANG_WARN_ENUM_CONVERSION = YES;
				CLANG_WARN_INT_CONVERSION = YES;
				CLANG_WARN_OBJC_ROOT_CLASS = YES_ERROR;
				CLANG_WARN_UNREACHABLE_CODE = YES;
				CLANG_WARN__DUPLICATE_METHOD_MATCH = YES;
				"CODE_SIGN_IDENTITY[sdk=iphoneos*]" = "iPhone Developer";
				COPY_PHASE_STRIP = NO;
				ENABLE_STRICT_OBJC_MSGSEND = YES;
				GCC_C_LANGUAGE_STANDARD = gnu99;
				GCC_DYNAMIC_NO_PIC = NO;
				GCC_OPTIMIZATION_LEVEL = 0;
				GCC_PREPROCESSOR_DEFINITIONS = (
					"DEBUG=1",
					"$(inherited)",
				);
				GCC_SYMBOLS_PRIVATE_EXTERN = NO;
				GCC_WARN_64_TO_32_BIT_CONVERSION = YES;
				GCC_WARN_ABOUT_RETURN_TYPE = YES_ERROR;
				GCC_WARN_UNDECLARED_SELECTOR = YES;
				GCC_WARN_UNINITIALIZED_AUTOS = YES_AGGRESSIVE;
				GCC_WARN_UNUSED_FUNCTION = YES;
				GCC_WARN_UNUSED_VARIABLE = YES;
				IPHONEOS_DEPLOYMENT_TARGET = 8.1;
				MTL_ENABLE_DEBUG_INFO = YES;
				ONLY_ACTIVE_ARCH = YES;
				SDKROOT = iphoneos;
				SWIFT_OPTIMIZATION_LEVEL = "-Onone";
			};
			name = Debug;
		};
		88D92C601A6C69DF00B96D4C /* Release */ = {
			isa = XCBuildConfiguration;
			baseConfigurationReference = AA06534DF0B9BBDA7FA51ADE /* Pods.release.xcconfig */;
			buildSettings = {
				ALWAYS_SEARCH_USER_PATHS = NO;
				CLANG_CXX_LANGUAGE_STANDARD = "gnu++0x";
				CLANG_CXX_LIBRARY = "libc++";
				CLANG_ENABLE_MODULES = YES;
				CLANG_ENABLE_OBJC_ARC = YES;
				CLANG_WARN_BOOL_CONVERSION = YES;
				CLANG_WARN_CONSTANT_CONVERSION = YES;
				CLANG_WARN_DIRECT_OBJC_ISA_USAGE = YES_ERROR;
				CLANG_WARN_EMPTY_BODY = YES;
				CLANG_WARN_ENUM_CONVERSION = YES;
				CLANG_WARN_INT_CONVERSION = YES;
				CLANG_WARN_OBJC_ROOT_CLASS = YES_ERROR;
				CLANG_WARN_UNREACHABLE_CODE = YES;
				CLANG_WARN__DUPLICATE_METHOD_MATCH = YES;
				"CODE_SIGN_IDENTITY[sdk=iphoneos*]" = "iPhone Developer";
				COPY_PHASE_STRIP = YES;
				ENABLE_NS_ASSERTIONS = NO;
				ENABLE_STRICT_OBJC_MSGSEND = YES;
				GCC_C_LANGUAGE_STANDARD = gnu99;
				GCC_WARN_64_TO_32_BIT_CONVERSION = YES;
				GCC_WARN_ABOUT_RETURN_TYPE = YES_ERROR;
				GCC_WARN_UNDECLARED_SELECTOR = YES;
				GCC_WARN_UNINITIALIZED_AUTOS = YES_AGGRESSIVE;
				GCC_WARN_UNUSED_FUNCTION = YES;
				GCC_WARN_UNUSED_VARIABLE = YES;
				IPHONEOS_DEPLOYMENT_TARGET = 8.1;
				MTL_ENABLE_DEBUG_INFO = NO;
				SDKROOT = iphoneos;
				VALIDATE_PRODUCT = YES;
			};
			name = Release;
		};
		88D92C621A6C69DF00B96D4C /* Debug */ = {
			isa = XCBuildConfiguration;
			baseConfigurationReference = B67755B539BA6FC771CDFA18 /* Pods.debug.xcconfig */;
			buildSettings = {
				ASSETCATALOG_COMPILER_APPICON_NAME = AppIcon;
				CLANG_ENABLE_MODULES = YES;
				INFOPLIST_FILE = TextDig/Info.plist;
				LD_RUNPATH_SEARCH_PATHS = "$(inherited) @executable_path/Frameworks";
				PRODUCT_NAME = "$(TARGET_NAME)";
				SWIFT_OBJC_BRIDGING_HEADER = "TextDig/TextDig-Bridging-Header.h";
				SWIFT_OPTIMIZATION_LEVEL = "-Onone";
			};
			name = Debug;
		};
		88D92C631A6C69DF00B96D4C /* Release */ = {
			isa = XCBuildConfiguration;
			baseConfigurationReference = AA06534DF0B9BBDA7FA51ADE /* Pods.release.xcconfig */;
			buildSettings = {
				ASSETCATALOG_COMPILER_APPICON_NAME = AppIcon;
				CLANG_ENABLE_MODULES = YES;
				INFOPLIST_FILE = TextDig/Info.plist;
				LD_RUNPATH_SEARCH_PATHS = "$(inherited) @executable_path/Frameworks";
				PRODUCT_NAME = "$(TARGET_NAME)";
				SWIFT_OBJC_BRIDGING_HEADER = "TextDig/TextDig-Bridging-Header.h";
			};
			name = Release;
		};
		88D92C651A6C69DF00B96D4C /* Debug */ = {
			isa = XCBuildConfiguration;
			baseConfigurationReference = B67755B539BA6FC771CDFA18 /* Pods.debug.xcconfig */;
			buildSettings = {
				BUNDLE_LOADER = "$(TEST_HOST)";
				FRAMEWORK_SEARCH_PATHS = (
					"$(SDKROOT)/Developer/Library/Frameworks",
					"$(inherited)",
				);
				GCC_PREPROCESSOR_DEFINITIONS = (
					"DEBUG=1",
					"$(inherited)",
				);
				INFOPLIST_FILE = TextDigTests/Info.plist;
				LD_RUNPATH_SEARCH_PATHS = "$(inherited) @executable_path/Frameworks @loader_path/Frameworks";
				PRODUCT_NAME = "$(TARGET_NAME)";
				TEST_HOST = "$(BUILT_PRODUCTS_DIR)/TextDig.app/TextDig";
			};
			name = Debug;
		};
		88D92C661A6C69DF00B96D4C /* Release */ = {
			isa = XCBuildConfiguration;
			baseConfigurationReference = AA06534DF0B9BBDA7FA51ADE /* Pods.release.xcconfig */;
			buildSettings = {
				BUNDLE_LOADER = "$(TEST_HOST)";
				FRAMEWORK_SEARCH_PATHS = (
					"$(SDKROOT)/Developer/Library/Frameworks",
					"$(inherited)",
				);
				INFOPLIST_FILE = TextDigTests/Info.plist;
				LD_RUNPATH_SEARCH_PATHS = "$(inherited) @executable_path/Frameworks @loader_path/Frameworks";
				PRODUCT_NAME = "$(TARGET_NAME)";
				TEST_HOST = "$(BUILT_PRODUCTS_DIR)/TextDig.app/TextDig";
			};
			name = Release;
		};
/* End XCBuildConfiguration section */

/* Begin XCConfigurationList section */
		88D92C421A6C69DE00B96D4C /* Build configuration list for PBXProject "TextDig" */ = {
			isa = XCConfigurationList;
			buildConfigurations = (
				88D92C5F1A6C69DF00B96D4C /* Debug */,
				88D92C601A6C69DF00B96D4C /* Release */,
			);
			defaultConfigurationIsVisible = 0;
			defaultConfigurationName = Release;
		};
		88D92C611A6C69DF00B96D4C /* Build configuration list for PBXNativeTarget "TextDig" */ = {
			isa = XCConfigurationList;
			buildConfigurations = (
				88D92C621A6C69DF00B96D4C /* Debug */,
				88D92C631A6C69DF00B96D4C /* Release */,
			);
			defaultConfigurationIsVisible = 0;
			defaultConfigurationName = Release;
		};
		88D92C641A6C69DF00B96D4C /* Build configuration list for PBXNativeTarget "TextDigTests" */ = {
			isa = XCConfigurationList;
			buildConfigurations = (
				88D92C651A6C69DF00B96D4C /* Debug */,
				88D92C661A6C69DF00B96D4C /* Release */,
			);
			defaultConfigurationIsVisible = 0;
			defaultConfigurationName = Release;
		};
/* End XCConfigurationList section */
	};
	rootObject = 88D92C3F1A6C69DE00B96D4C /* Project object */;
}
